
Microsoft Visual Studio Solution File, Format Version 12.00
# Visual Studio Version 17
VisualStudioVersion = 17.7.34003.232
MinimumVisualStudioVersion = 10.0.40219.1
Project("{FAE04EC0-301F-11D3-BF4B-00C04F79EFBC}") = "Genetik_Algoritma", "Genetik_Algoritma.csproj", "{45AD2586-4385-4BED-8598-B19453289DEB}"
EndProject
Global
	GlobalSection(SolutionConfigurationPlatforms) = preSolution
		Debug|Any CPU = Debug|Any CPU
		Release|Any CPU = Release|Any CPU
	EndGlobalSection
	GlobalSection(ProjectConfigurationPlatforms) = postSolution
		{45AD2586-4385-4BED-8598-B19453289DEB}.Debug|Any CPU.ActiveCfg = Debug|Any CPU
		{45AD2586-4385-4BED-8598-B19453289DEB}.Debug|Any CPU.Build.0 = Debug|Any CPU
		{45AD2586-4385-4BED-8598-B19453289DEB}.Release|Any CPU.ActiveCfg = Release|Any CPU
		{45AD2586-4385-4BED-8598-B19453289DEB}.Release|Any CPU.Build.0 = Release|Any CPU
	EndGlobalSection
	GlobalSection(SolutionProperties) = preSolution
		HideSolutionNode = FALSE
	EndGlobalSection
	GlobalSection(ExtensibilityGlobals) = postSolution
		SolutionGuid = {7D21F1AB-24A4-4A53-80CF-1870B7BE3D8A}
	EndGlobalSection
EndGlobal
